
Microsoft Visual Studio Solution File, Format Version 12.00
# Visual Studio 15
VisualStudioVersion = 15.0.28307.329
MinimumVisualStudioVersion = 10.0.40219.1
Project("{8BC9CEB8-8B4A-11D0-8D11-00A0C91BC942}") = "Peterson_Algorithm", "Peterson_Algorithm\Peterson_Algorithm.vcxproj", "{0694A68D-CF3D-4083-849D-D4142F07ACF5}"
EndProject
Global
	GlobalSection(SolutionConfigurationPlatforms) = preSolution
		Debug|x64 = Debug|x64
		Debug|x86 = Debug|x86
		Release|x64 = Release|x64
		Release|x86 = Release|x86
	EndGlobalSection
	GlobalSection(ProjectConfigurationPlatforms) = postSolution
		{0694A68D-CF3D-4083-849D-D4142F07ACF5}.Debug|x64.ActiveCfg = Debug|x64
		{0694A68D-CF3D-4083-849D-D4142F07ACF5}.Debug|x64.Build.0 = Debug|x64
		{0694A68D-CF3D-4083-849D-D4142F07ACF5}.Debug|x86.ActiveCfg = Debug|Win32
		{0694A68D-CF3D-4083-849D-D4142F07ACF5}.Debug|x86.Build.0 = Debug|Win32
		{0694A68D-CF3D-4083-849D-D4142F07ACF5}.Release|x64.ActiveCfg = Release|x64
		{0694A68D-CF3D-4083-849D-D4142F07ACF5}.Release|x64.Build.0 = Release|x64
		{0694A68D-CF3D-4083-849D-D4142F07ACF5}.Release|x86.ActiveCfg = Release|Win32
		{0694A68D-CF3D-4083-849D-D4142F07ACF5}.Release|x86.Build.0 = Release|Win32
	EndGlobalSection
	GlobalSection(SolutionProperties) = preSolution
		HideSolutionNode = FALSE
	EndGlobalSection
	GlobalSection(ExtensibilityGlobals) = postSolution
		SolutionGuid = {9E7ACCDB-1EF5-447D-9870-65AA103B0893}
	EndGlobalSection
EndGlobal
