
Microsoft Visual Studio Solution File, Format Version 12.00
# Visual Studio 15
VisualStudioVersion = 15.0.27703.2035
MinimumVisualStudioVersion = 10.0.40219.1
Project("{8BC9CEB8-8B4A-11D0-8D11-00A0C91BC942}") = "Prod_Con_Sych", "Prod_Con_Sych\Prod_Con_Sych.vcxproj", "{03BC9A3D-9D4B-4FA8-BDA0-955CC32688CD}"
EndProject
Global
	GlobalSection(SolutionConfigurationPlatforms) = preSolution
		Debug|x64 = Debug|x64
		Debug|x86 = Debug|x86
		Release|x64 = Release|x64
		Release|x86 = Release|x86
	EndGlobalSection
	GlobalSection(ProjectConfigurationPlatforms) = postSolution
		{03BC9A3D-9D4B-4FA8-BDA0-955CC32688CD}.Debug|x64.ActiveCfg = Debug|x64
		{03BC9A3D-9D4B-4FA8-BDA0-955CC32688CD}.Debug|x64.Build.0 = Debug|x64
		{03BC9A3D-9D4B-4FA8-BDA0-955CC32688CD}.Debug|x86.ActiveCfg = Debug|Win32
		{03BC9A3D-9D4B-4FA8-BDA0-955CC32688CD}.Debug|x86.Build.0 = Debug|Win32
		{03BC9A3D-9D4B-4FA8-BDA0-955CC32688CD}.Release|x64.ActiveCfg = Release|x64
		{03BC9A3D-9D4B-4FA8-BDA0-955CC32688CD}.Release|x64.Build.0 = Release|x64
		{03BC9A3D-9D4B-4FA8-BDA0-955CC32688CD}.Release|x86.ActiveCfg = Release|Win32
		{03BC9A3D-9D4B-4FA8-BDA0-955CC32688CD}.Release|x86.Build.0 = Release|Win32
	EndGlobalSection
	GlobalSection(SolutionProperties) = preSolution
		HideSolutionNode = FALSE
	EndGlobalSection
	GlobalSection(ExtensibilityGlobals) = postSolution
		SolutionGuid = {BA208252-AE59-4480-A290-A8F0B6AEB3D0}
	EndGlobalSection
EndGlobal
